
Microsoft Visual Studio Solution File, Format Version 12.00
# Visual Studio Version 17
VisualStudioVersion = 17.4.33122.133
MinimumVisualStudioVersion = 10.0.40219.1
Project("{FAE04EC0-301F-11D3-BF4B-00C04F79EFBC}") = "MfWebProject", "MfWebProject\MfWebProject.csproj", "{7E3D05B0-DBC3-4B62-965B-A5720E692E15}"
EndProject
Global
	GlobalSection(SolutionConfigurationPlatforms) = preSolution
		Debug|Any CPU = Debug|Any CPU
		Release|Any CPU = Release|Any CPU
	EndGlobalSection
	GlobalSection(ProjectConfigurationPlatforms) = postSolution
		{7E3D05B0-DBC3-4B62-965B-A5720E692E15}.Debug|Any CPU.ActiveCfg = Debug|Any CPU
		{7E3D05B0-DBC3-4B62-965B-A5720E692E15}.Debug|Any CPU.Build.0 = Debug|Any CPU
		{7E3D05B0-DBC3-4B62-965B-A5720E692E15}.Release|Any CPU.ActiveCfg = Release|Any CPU
		{7E3D05B0-DBC3-4B62-965B-A5720E692E15}.Release|Any CPU.Build.0 = Release|Any CPU
	EndGlobalSection
	GlobalSection(SolutionProperties) = preSolution
		HideSolutionNode = FALSE
	EndGlobalSection
	GlobalSection(ExtensibilityGlobals) = postSolution
		SolutionGuid = {817C0A28-B379-4BC9-8E95-E2E8D49211CF}
	EndGlobalSection
EndGlobal
